
Microsoft Visual Studio Solution File, Format Version 12.00
# Visual Studio Version 17
VisualStudioVersion = 17.12.35527.113
MinimumVisualStudioVersion = 10.0.40219.1
Project("{2150E333-8FDC-42A3-9474-1A3956D46DE8}") = "src", "src", "{2149C098-AABF-4AFB-9A56-F922BF516CF8}"
EndProject
Project("{2150E333-8FDC-42A3-9474-1A3956D46DE8}") = "Building Blocks", "Building Blocks", "{B8B31FDE-57A2-465C-940C-383E149346D3}"
EndProject
Project("{2150E333-8FDC-42A3-9474-1A3956D46DE8}") = "Services", "Services", "{B8083953-2D7A-4792-AB0A-2E70026D2866}"
EndProject
Project("{2150E333-8FDC-42A3-9474-1A3956D46DE8}") = "Web", "Web", "{195D89E1-9549-4691-A5D2-7A11B8FC86FE}"
EndProject
Project("{2150E333-8FDC-42A3-9474-1A3956D46DE8}") = "Identidade", "Identidade", "{6DABF90B-EB0F-4A79-90EC-C5D9D9BC12B7}"
EndProject
Project("{2150E333-8FDC-42A3-9474-1A3956D46DE8}") = "MVC", "MVC", "{9134F968-40CD-4FC2-97A7-8D18758E8E89}"
EndProject
Project("{FAE04EC0-301F-11D3-BF4B-00C04F79EFBC}") = "CSE.WebApp.MVC", "src\web\CSE.WebApp.MVC\CSE.WebApp.MVC.csproj", "{2CCC92E5-EE5C-4013-A32A-D1D693CA814E}"
EndProject
Project("{2150E333-8FDC-42A3-9474-1A3956D46DE8}") = "Core", "Core", "{7D19DA31-4354-451F-BCC5-0C61F174B98A}"
EndProject
Project("{FAE04EC0-301F-11D3-BF4B-00C04F79EFBC}") = "CSE.Core", "src\building blocks\CSE.Core\CSE.Core.csproj", "{2A4B740E-BE0A-41F2-BB6B-D87B6C277BA7}"
EndProject
Project("{2150E333-8FDC-42A3-9474-1A3956D46DE8}") = "Carrinho", "Carrinho", "{140567B7-2E6D-449C-B888-7091902673CC}"
EndProject
Project("{2150E333-8FDC-42A3-9474-1A3956D46DE8}") = "Catalogo", "Catalogo", "{99E32A07-0894-4F32-82B8-742ADA9A4D2E}"
EndProject
Project("{2150E333-8FDC-42A3-9474-1A3956D46DE8}") = "Cliente", "Cliente", "{C1ECAA12-352A-47C1-A8AD-02C0FE2B7761}"
EndProject
Project("{2150E333-8FDC-42A3-9474-1A3956D46DE8}") = "Pagamento", "Pagamento", "{DFA0A6EA-EBBA-465C-9C30-2BC1F19D6119}"
EndProject
Project("{2150E333-8FDC-42A3-9474-1A3956D46DE8}") = "Pedido", "Pedido", "{C2D2FF9A-8367-4A46-9C57-7B88FDA2E1E2}"
EndProject
Project("{FAE04EC0-301F-11D3-BF4B-00C04F79EFBC}") = "CSE.Carrinho.API", "src\services\CSE.Carrinho.API\CSE.Carrinho.API.csproj", "{73DEE1DF-A6C8-4EE5-A046-4CDA18AE0331}"
EndProject
Project("{FAE04EC0-301F-11D3-BF4B-00C04F79EFBC}") = "CSE.Catalogo.API", "src\services\CSE.Catalogo.API\CSE.Catalogo.API.csproj", "{D26BD373-1C8A-4A53-8422-241245963362}"
	ProjectSection(ProjectDependencies) = postProject
		{2A4B740E-BE0A-41F2-BB6B-D87B6C277BA7} = {2A4B740E-BE0A-41F2-BB6B-D87B6C277BA7}
	EndProjectSection
EndProject
Project("{FAE04EC0-301F-11D3-BF4B-00C04F79EFBC}") = "CSE.Cliente.API", "src\services\CSE.Cliente.API\CSE.Cliente.API.csproj", "{5AD32BAD-E5A8-4C61-8907-ABD0E9245DA6}"
EndProject
Project("{FAE04EC0-301F-11D3-BF4B-00C04F79EFBC}") = "CSE.Identidade.API", "src\services\CSE.Identidade.API\CSE.Identidade.API.csproj", "{AAC8F1FF-7AB7-41D8-BCA4-A63CB3E2D791}"
EndProject
Project("{FAE04EC0-301F-11D3-BF4B-00C04F79EFBC}") = "CSE.Pagamento.API", "src\services\CSE.Pagamento.API\CSE.Pagamento.API.csproj", "{074DA499-970D-403A-9B32-7A73F1674A40}"
EndProject
Project("{FAE04EC0-301F-11D3-BF4B-00C04F79EFBC}") = "CSE.Pedido.API", "src\services\CSE.Pedido.API\CSE.Pedido.API.csproj", "{B3FC4EF4-B59B-4E80-BC8D-8C0B38D39E22}"
EndProject
Project("{2150E333-8FDC-42A3-9474-1A3956D46DE8}") = "Solution Items", "Solution Items", "{0552A619-7D0B-4C17-9670-9B1F05B22609}"
	ProjectSection(SolutionItems) = preProject
		.editorconfig = .editorconfig
	EndProjectSection
EndProject
Global
	GlobalSection(SolutionConfigurationPlatforms) = preSolution
		Debug|Any CPU = Debug|Any CPU
		Release|Any CPU = Release|Any CPU
	EndGlobalSection
	GlobalSection(ProjectConfigurationPlatforms) = postSolution
		{2CCC92E5-EE5C-4013-A32A-D1D693CA814E}.Debug|Any CPU.ActiveCfg = Debug|Any CPU
		{2CCC92E5-EE5C-4013-A32A-D1D693CA814E}.Debug|Any CPU.Build.0 = Debug|Any CPU
		{2CCC92E5-EE5C-4013-A32A-D1D693CA814E}.Release|Any CPU.ActiveCfg = Release|Any CPU
		{2CCC92E5-EE5C-4013-A32A-D1D693CA814E}.Release|Any CPU.Build.0 = Release|Any CPU
		{2A4B740E-BE0A-41F2-BB6B-D87B6C277BA7}.Debug|Any CPU.ActiveCfg = Debug|Any CPU
		{2A4B740E-BE0A-41F2-BB6B-D87B6C277BA7}.Debug|Any CPU.Build.0 = Debug|Any CPU
		{2A4B740E-BE0A-41F2-BB6B-D87B6C277BA7}.Release|Any CPU.ActiveCfg = Release|Any CPU
		{2A4B740E-BE0A-41F2-BB6B-D87B6C277BA7}.Release|Any CPU.Build.0 = Release|Any CPU
		{73DEE1DF-A6C8-4EE5-A046-4CDA18AE0331}.Debug|Any CPU.ActiveCfg = Debug|Any CPU
		{73DEE1DF-A6C8-4EE5-A046-4CDA18AE0331}.Debug|Any CPU.Build.0 = Debug|Any CPU
		{73DEE1DF-A6C8-4EE5-A046-4CDA18AE0331}.Release|Any CPU.ActiveCfg = Release|Any CPU
		{73DEE1DF-A6C8-4EE5-A046-4CDA18AE0331}.Release|Any CPU.Build.0 = Release|Any CPU
		{D26BD373-1C8A-4A53-8422-241245963362}.Debug|Any CPU.ActiveCfg = Debug|Any CPU
		{D26BD373-1C8A-4A53-8422-241245963362}.Debug|Any CPU.Build.0 = Debug|Any CPU
		{D26BD373-1C8A-4A53-8422-241245963362}.Release|Any CPU.ActiveCfg = Release|Any CPU
		{D26BD373-1C8A-4A53-8422-241245963362}.Release|Any CPU.Build.0 = Release|Any CPU
		{5AD32BAD-E5A8-4C61-8907-ABD0E9245DA6}.Debug|Any CPU.ActiveCfg = Debug|Any CPU
		{5AD32BAD-E5A8-4C61-8907-ABD0E9245DA6}.Debug|Any CPU.Build.0 = Debug|Any CPU
		{5AD32BAD-E5A8-4C61-8907-ABD0E9245DA6}.Release|Any CPU.ActiveCfg = Release|Any CPU
		{5AD32BAD-E5A8-4C61-8907-ABD0E9245DA6}.Release|Any CPU.Build.0 = Release|Any CPU
		{AAC8F1FF-7AB7-41D8-BCA4-A63CB3E2D791}.Debug|Any CPU.ActiveCfg = Debug|Any CPU
		{AAC8F1FF-7AB7-41D8-BCA4-A63CB3E2D791}.Debug|Any CPU.Build.0 = Debug|Any CPU
		{AAC8F1FF-7AB7-41D8-BCA4-A63CB3E2D791}.Release|Any CPU.ActiveCfg = Release|Any CPU
		{AAC8F1FF-7AB7-41D8-BCA4-A63CB3E2D791}.Release|Any CPU.Build.0 = Release|Any CPU
		{074DA499-970D-403A-9B32-7A73F1674A40}.Debug|Any CPU.ActiveCfg = Debug|Any CPU
		{074DA499-970D-403A-9B32-7A73F1674A40}.Debug|Any CPU.Build.0 = Debug|Any CPU
		{074DA499-970D-403A-9B32-7A73F1674A40}.Release|Any CPU.ActiveCfg = Release|Any CPU
		{074DA499-970D-403A-9B32-7A73F1674A40}.Release|Any CPU.Build.0 = Release|Any CPU
		{B3FC4EF4-B59B-4E80-BC8D-8C0B38D39E22}.Debug|Any CPU.ActiveCfg = Debug|Any CPU
		{B3FC4EF4-B59B-4E80-BC8D-8C0B38D39E22}.Debug|Any CPU.Build.0 = Debug|Any CPU
		{B3FC4EF4-B59B-4E80-BC8D-8C0B38D39E22}.Release|Any CPU.ActiveCfg = Release|Any CPU
		{B3FC4EF4-B59B-4E80-BC8D-8C0B38D39E22}.Release|Any CPU.Build.0 = Release|Any CPU
	EndGlobalSection
	GlobalSection(SolutionProperties) = preSolution
		HideSolutionNode = FALSE
	EndGlobalSection
	GlobalSection(NestedProjects) = preSolution
		{B8B31FDE-57A2-465C-940C-383E149346D3} = {2149C098-AABF-4AFB-9A56-F922BF516CF8}
		{B8083953-2D7A-4792-AB0A-2E70026D2866} = {2149C098-AABF-4AFB-9A56-F922BF516CF8}
		{195D89E1-9549-4691-A5D2-7A11B8FC86FE} = {2149C098-AABF-4AFB-9A56-F922BF516CF8}
		{6DABF90B-EB0F-4A79-90EC-C5D9D9BC12B7} = {B8083953-2D7A-4792-AB0A-2E70026D2866}
		{9134F968-40CD-4FC2-97A7-8D18758E8E89} = {195D89E1-9549-4691-A5D2-7A11B8FC86FE}
		{2CCC92E5-EE5C-4013-A32A-D1D693CA814E} = {9134F968-40CD-4FC2-97A7-8D18758E8E89}
		{7D19DA31-4354-451F-BCC5-0C61F174B98A} = {B8B31FDE-57A2-465C-940C-383E149346D3}
		{2A4B740E-BE0A-41F2-BB6B-D87B6C277BA7} = {7D19DA31-4354-451F-BCC5-0C61F174B98A}
		{140567B7-2E6D-449C-B888-7091902673CC} = {B8083953-2D7A-4792-AB0A-2E70026D2866}
		{99E32A07-0894-4F32-82B8-742ADA9A4D2E} = {B8083953-2D7A-4792-AB0A-2E70026D2866}
		{C1ECAA12-352A-47C1-A8AD-02C0FE2B7761} = {B8083953-2D7A-4792-AB0A-2E70026D2866}
		{DFA0A6EA-EBBA-465C-9C30-2BC1F19D6119} = {B8083953-2D7A-4792-AB0A-2E70026D2866}
		{C2D2FF9A-8367-4A46-9C57-7B88FDA2E1E2} = {B8083953-2D7A-4792-AB0A-2E70026D2866}
		{73DEE1DF-A6C8-4EE5-A046-4CDA18AE0331} = {140567B7-2E6D-449C-B888-7091902673CC}
		{D26BD373-1C8A-4A53-8422-241245963362} = {99E32A07-0894-4F32-82B8-742ADA9A4D2E}
		{5AD32BAD-E5A8-4C61-8907-ABD0E9245DA6} = {C1ECAA12-352A-47C1-A8AD-02C0FE2B7761}
		{AAC8F1FF-7AB7-41D8-BCA4-A63CB3E2D791} = {6DABF90B-EB0F-4A79-90EC-C5D9D9BC12B7}
		{074DA499-970D-403A-9B32-7A73F1674A40} = {DFA0A6EA-EBBA-465C-9C30-2BC1F19D6119}
		{B3FC4EF4-B59B-4E80-BC8D-8C0B38D39E22} = {C2D2FF9A-8367-4A46-9C57-7B88FDA2E1E2}
	EndGlobalSection
EndGlobal
